// !$*UTF8*$!
{
	archiveVersion = 1;
	classes = {
	};
	objectVersion = 46;
	objects = {

/* Begin PBXBuildFile section */
		3F4F289F71D4EFE85706F3B1 /* Pods_VRTCL.framework in Frameworks */ = {isa = PBXBuildFile; fileRef = 90607365AECCEA6F619AD235 /* Pods_VRTCL.framework */; };
		8203E1FC1F786882006BF061 /* FriendsTableViewController.swift in Sources */ = {isa = PBXBuildFile; fileRef = 8203E1FB1F786882006BF061 /* FriendsTableViewController.swift */; };
		8203E1FE1F7868A2006BF061 /* FriendTableViewCell.swift in Sources */ = {isa = PBXBuildFile; fileRef = 8203E1FD1F7868A2006BF061 /* FriendTableViewCell.swift */; };
		8203E2001F786C6E006BF061 /* User.swift in Sources */ = {isa = PBXBuildFile; fileRef = 8203E1FF1F786C6E006BF061 /* User.swift */; };
		8211D5CF1EDA571900DF3F48 /* Timeline.storyboard in Resources */ = {isa = PBXBuildFile; fileRef = 8211D5CE1EDA571900DF3F48 /* Timeline.storyboard */; };
		8211D5D11EDA575E00DF3F48 /* Analytics.storyboard in Resources */ = {isa = PBXBuildFile; fileRef = 8211D5D01EDA575E00DF3F48 /* Analytics.storyboard */; };
		8211D5D31EDA576D00DF3F48 /* Friends.storyboard in Resources */ = {isa = PBXBuildFile; fileRef = 8211D5D21EDA576D00DF3F48 /* Friends.storyboard */; };
		8211D5D51EDA577D00DF3F48 /* Settings.storyboard in Resources */ = {isa = PBXBuildFile; fileRef = 8211D5D41EDA577D00DF3F48 /* Settings.storyboard */; };
		821812181C2461CF004726DC /* Buttons.swift in Sources */ = {isa = PBXBuildFile; fileRef = 821812171C2461CF004726DC /* Buttons.swift */; };
		8227CA611EF5157B00EF236A /* SessionsTableViewCell.swift in Sources */ = {isa = PBXBuildFile; fileRef = 8227CA601EF5157B00EF236A /* SessionsTableViewCell.swift */; };
		8233F7081F4B9D7B00508B52 /* AnalyticsViewController.swift in Sources */ = {isa = PBXBuildFile; fileRef = 8233F7071F4B9D7B00508B52 /* AnalyticsViewController.swift */; };
		8233F70A1F4CCF7F00508B52 /* PieChartView.swift in Sources */ = {isa = PBXBuildFile; fileRef = 8233F7091F4CCF7F00508B52 /* PieChartView.swift */; };
		82430AE31EB3DFD300160D15 /* Extensions.swift in Sources */ = {isa = PBXBuildFile; fileRef = 82430AE21EB3DFD300160D15 /* Extensions.swift */; };
		82541A311EF265D10020032C /* ButtonGrid.swift in Sources */ = {isa = PBXBuildFile; fileRef = 82541A301EF265D10020032C /* ButtonGrid.swift */; };
		82834E341BD002400006793C /* DataModel.swift in Sources */ = {isa = PBXBuildFile; fileRef = 82834E331BD002400006793C /* DataModel.swift */; };
		828C5DF91F07F5D000CB7468 /* DurationView.swift in Sources */ = {isa = PBXBuildFile; fileRef = 828C5DF81F07F5D000CB7468 /* DurationView.swift */; };
		829EC0B11EEECAF200AB055F /* EditSessionViewController.swift in Sources */ = {isa = PBXBuildFile; fileRef = 829EC0B01EEECAF200AB055F /* EditSessionViewController.swift */; };
		829EC0B31EEECB1200AB055F /* AddRouteTableViewController.swift in Sources */ = {isa = PBXBuildFile; fileRef = 829EC0B21EEECB1200AB055F /* AddRouteTableViewController.swift */; };
		829F24761B0021EB00BDF443 /* AppDelegate.swift in Sources */ = {isa = PBXBuildFile; fileRef = 829F24751B0021EB00BDF443 /* AppDelegate.swift */; };
		829F247D1B0021EB00BDF443 /* Main.storyboard in Resources */ = {isa = PBXBuildFile; fileRef = 829F247B1B0021EB00BDF443 /* Main.storyboard */; };
		829F247F1B0021EB00BDF443 /* Images.xcassets in Resources */ = {isa = PBXBuildFile; fileRef = 829F247E1B0021EB00BDF443 /* Images.xcassets */; };
		829F24821B0021EB00BDF443 /* LaunchScreen.xib in Resources */ = {isa = PBXBuildFile; fileRef = 829F24801B0021EB00BDF443 /* LaunchScreen.xib */; };
		82AAC0C71EEF5ED800B7E6A3 /* CircleButtonWithText.swift in Sources */ = {isa = PBXBuildFile; fileRef = 82AAC0C61EEF5ED800B7E6A3 /* CircleButtonWithText.swift */; };
		82B3033F1EB6F7F6001DD730 /* Sessions.storyboard in Resources */ = {isa = PBXBuildFile; fileRef = 82B3033E1EB6F7F6001DD730 /* Sessions.storyboard */; };
		82B9866E1F0FD1BA001BD4B5 /* TimelineTableViewController.swift in Sources */ = {isa = PBXBuildFile; fileRef = 82B9866D1F0FD1BA001BD4B5 /* TimelineTableViewController.swift */; };
		82B986701F0FD1FA001BD4B5 /* TimelineTableViewCell.swift in Sources */ = {isa = PBXBuildFile; fileRef = 82B9866F1F0FD1FA001BD4B5 /* TimelineTableViewCell.swift */; };
		82BAE5E91EEA49BB00383585 /* AddSessionTableViewController.swift in Sources */ = {isa = PBXBuildFile; fileRef = 82BAE5E81EEA49BB00383585 /* AddSessionTableViewController.swift */; };
		82C12A7E1C2480F900D9AC45 /* NavigationController.swift in Sources */ = {isa = PBXBuildFile; fileRef = 82C12A7D1C2480F900D9AC45 /* NavigationController.swift */; };
		82C12A801C24811100D9AC45 /* TabBarController.swift in Sources */ = {isa = PBXBuildFile; fileRef = 82C12A7F1C24811100D9AC45 /* TabBarController.swift */; };
		82C12A821C24827800D9AC45 /* Constants.swift in Sources */ = {isa = PBXBuildFile; fileRef = 82C12A811C24827800D9AC45 /* Constants.swift */; };
		82C139E71F12C0E70027FB1D /* JsonIO.swift in Sources */ = {isa = PBXBuildFile; fileRef = 82C139E61F12C0E70027FB1D /* JsonIO.swift */; };
		82C20C671F6F34BC00EFD799 /* LoginViewController.swift in Sources */ = {isa = PBXBuildFile; fileRef = 82C20C661F6F34BC00EFD799 /* LoginViewController.swift */; };
		82C20C6A1F6F445E00EFD799 /* APIController.swift in Sources */ = {isa = PBXBuildFile; fileRef = 82C20C691F6F445E00EFD799 /* APIController.swift */; };
		82DA1CD51F02E15400135394 /* FatTextField.swift in Sources */ = {isa = PBXBuildFile; fileRef = 82DA1CD41F02E15400135394 /* FatTextField.swift */; };
		82DE827A1F4402B800047A77 /* SessionViewModel.swift in Sources */ = {isa = PBXBuildFile; fileRef = 82DE82791F4402B800047A77 /* SessionViewModel.swift */; };
		82F7C98B1F700C8A00B490E0 /* SignupViewController.swift in Sources */ = {isa = PBXBuildFile; fileRef = 82F7C98A1F700C8A00B490E0 /* SignupViewController.swift */; };
		82F7C98D1F7043A400B490E0 /* KeychainPasswordItem.swift in Sources */ = {isa = PBXBuildFile; fileRef = 82F7C98C1F7043A400B490E0 /* KeychainPasswordItem.swift */; };
		82F7C9911F714F7200B490E0 /* SettingsViewController.swift in Sources */ = {isa = PBXBuildFile; fileRef = 82F7C9901F714F7200B490E0 /* SettingsViewController.swift */; };
/* End PBXBuildFile section */

/* Begin PBXFileReference section */
		11548FC4C7368AB9F99898D7 /* Pods-VRTCL.release.xcconfig */ = {isa = PBXFileReference; includeInIndex = 1; lastKnownFileType = text.xcconfig; name = "Pods-VRTCL.release.xcconfig"; path = "Pods/Target Support Files/Pods-VRTCL/Pods-VRTCL.release.xcconfig"; sourceTree = "<group>"; };
		8203E1FB1F786882006BF061 /* FriendsTableViewController.swift */ = {isa = PBXFileReference; lastKnownFileType = sourcecode.swift; path = FriendsTableViewController.swift; sourceTree = "<group>"; };
		8203E1FD1F7868A2006BF061 /* FriendTableViewCell.swift */ = {isa = PBXFileReference; lastKnownFileType = sourcecode.swift; path = FriendTableViewCell.swift; sourceTree = "<group>"; };
		8203E1FF1F786C6E006BF061 /* User.swift */ = {isa = PBXFileReference; lastKnownFileType = sourcecode.swift; path = User.swift; sourceTree = "<group>"; };
		8211D5CE1EDA571900DF3F48 /* Timeline.storyboard */ = {isa = PBXFileReference; fileEncoding = 4; lastKnownFileType = file.storyboard; path = Timeline.storyboard; sourceTree = "<group>"; };
		8211D5D01EDA575E00DF3F48 /* Analytics.storyboard */ = {isa = PBXFileReference; fileEncoding = 4; lastKnownFileType = file.storyboard; path = Analytics.storyboard; sourceTree = "<group>"; };
		8211D5D21EDA576D00DF3F48 /* Friends.storyboard */ = {isa = PBXFileReference; fileEncoding = 4; lastKnownFileType = file.storyboard; path = Friends.storyboard; sourceTree = "<group>"; };
		8211D5D41EDA577D00DF3F48 /* Settings.storyboard */ = {isa = PBXFileReference; fileEncoding = 4; lastKnownFileType = file.storyboard; path = Settings.storyboard; sourceTree = "<group>"; };
		821812171C2461CF004726DC /* Buttons.swift */ = {isa = PBXFileReference; fileEncoding = 4; lastKnownFileType = sourcecode.swift; path = Buttons.swift; sourceTree = "<group>"; };
		8227CA601EF5157B00EF236A /* SessionsTableViewCell.swift */ = {isa = PBXFileReference; lastKnownFileType = sourcecode.swift; path = SessionsTableViewCell.swift; sourceTree = "<group>"; };
		8233F7071F4B9D7B00508B52 /* AnalyticsViewController.swift */ = {isa = PBXFileReference; lastKnownFileType = sourcecode.swift; path = AnalyticsViewController.swift; sourceTree = "<group>"; };
		8233F7091F4CCF7F00508B52 /* PieChartView.swift */ = {isa = PBXFileReference; lastKnownFileType = sourcecode.swift; path = PieChartView.swift; sourceTree = "<group>"; };
		82430AE21EB3DFD300160D15 /* Extensions.swift */ = {isa = PBXFileReference; fileEncoding = 4; lastKnownFileType = sourcecode.swift; path = Extensions.swift; sourceTree = "<group>"; };
		82541A301EF265D10020032C /* ButtonGrid.swift */ = {isa = PBXFileReference; lastKnownFileType = sourcecode.swift; path = ButtonGrid.swift; sourceTree = "<group>"; };
		82834E331BD002400006793C /* DataModel.swift */ = {isa = PBXFileReference; fileEncoding = 4; lastKnownFileType = sourcecode.swift; path = DataModel.swift; sourceTree = "<group>"; };
		828C5DF81F07F5D000CB7468 /* DurationView.swift */ = {isa = PBXFileReference; lastKnownFileType = sourcecode.swift; path = DurationView.swift; sourceTree = "<group>"; };
		829EC0B01EEECAF200AB055F /* EditSessionViewController.swift */ = {isa = PBXFileReference; lastKnownFileType = sourcecode.swift; path = EditSessionViewController.swift; sourceTree = "<group>"; };
		829EC0B21EEECB1200AB055F /* AddRouteTableViewController.swift */ = {isa = PBXFileReference; lastKnownFileType = sourcecode.swift; path = AddRouteTableViewController.swift; sourceTree = "<group>"; };
		829F24701B0021EB00BDF443 /* VRTCL.app */ = {isa = PBXFileReference; explicitFileType = wrapper.application; includeInIndex = 0; path = VRTCL.app; sourceTree = BUILT_PRODUCTS_DIR; };
		829F24741B0021EB00BDF443 /* Info.plist */ = {isa = PBXFileReference; lastKnownFileType = text.plist.xml; path = Info.plist; sourceTree = "<group>"; };
		829F24751B0021EB00BDF443 /* AppDelegate.swift */ = {isa = PBXFileReference; lastKnownFileType = sourcecode.swift; path = AppDelegate.swift; sourceTree = "<group>"; };
		829F247C1B0021EB00BDF443 /* Base */ = {isa = PBXFileReference; lastKnownFileType = file.storyboard; name = Base; path = Base.lproj/Main.storyboard; sourceTree = "<group>"; };
		829F247E1B0021EB00BDF443 /* Images.xcassets */ = {isa = PBXFileReference; lastKnownFileType = folder.assetcatalog; path = Images.xcassets; sourceTree = "<group>"; };
		829F24811B0021EB00BDF443 /* Base */ = {isa = PBXFileReference; lastKnownFileType = file.xib; name = Base; path = Base.lproj/LaunchScreen.xib; sourceTree = "<group>"; };
		82AAC0C61EEF5ED800B7E6A3 /* CircleButtonWithText.swift */ = {isa = PBXFileReference; lastKnownFileType = sourcecode.swift; path = CircleButtonWithText.swift; sourceTree = "<group>"; };
		82B3033E1EB6F7F6001DD730 /* Sessions.storyboard */ = {isa = PBXFileReference; fileEncoding = 4; lastKnownFileType = file.storyboard; path = Sessions.storyboard; sourceTree = "<group>"; };
		82B9866D1F0FD1BA001BD4B5 /* TimelineTableViewController.swift */ = {isa = PBXFileReference; lastKnownFileType = sourcecode.swift; path = TimelineTableViewController.swift; sourceTree = "<group>"; };
		82B9866F1F0FD1FA001BD4B5 /* TimelineTableViewCell.swift */ = {isa = PBXFileReference; lastKnownFileType = sourcecode.swift; path = TimelineTableViewCell.swift; sourceTree = "<group>"; };
		82BAE5E81EEA49BB00383585 /* AddSessionTableViewController.swift */ = {isa = PBXFileReference; lastKnownFileType = sourcecode.swift; path = AddSessionTableViewController.swift; sourceTree = "<group>"; };
		82C12A7D1C2480F900D9AC45 /* NavigationController.swift */ = {isa = PBXFileReference; fileEncoding = 4; lastKnownFileType = sourcecode.swift; path = NavigationController.swift; sourceTree = "<group>"; };
		82C12A7F1C24811100D9AC45 /* TabBarController.swift */ = {isa = PBXFileReference; fileEncoding = 4; lastKnownFileType = sourcecode.swift; path = TabBarController.swift; sourceTree = "<group>"; };
		82C12A811C24827800D9AC45 /* Constants.swift */ = {isa = PBXFileReference; fileEncoding = 4; lastKnownFileType = sourcecode.swift; path = Constants.swift; sourceTree = "<group>"; };
		82C139E61F12C0E70027FB1D /* JsonIO.swift */ = {isa = PBXFileReference; lastKnownFileType = sourcecode.swift; path = JsonIO.swift; sourceTree = "<group>"; };
		82C20C661F6F34BC00EFD799 /* LoginViewController.swift */ = {isa = PBXFileReference; lastKnownFileType = sourcecode.swift; path = LoginViewController.swift; sourceTree = "<group>"; };
		82C20C691F6F445E00EFD799 /* APIController.swift */ = {isa = PBXFileReference; lastKnownFileType = sourcecode.swift; path = APIController.swift; sourceTree = "<group>"; };
		82DA1CD41F02E15400135394 /* FatTextField.swift */ = {isa = PBXFileReference; lastKnownFileType = sourcecode.swift; path = FatTextField.swift; sourceTree = "<group>"; };
		82DE82791F4402B800047A77 /* SessionViewModel.swift */ = {isa = PBXFileReference; lastKnownFileType = sourcecode.swift; path = SessionViewModel.swift; sourceTree = "<group>"; };
		82F7C98A1F700C8A00B490E0 /* SignupViewController.swift */ = {isa = PBXFileReference; lastKnownFileType = sourcecode.swift; path = SignupViewController.swift; sourceTree = "<group>"; };
		82F7C98C1F7043A400B490E0 /* KeychainPasswordItem.swift */ = {isa = PBXFileReference; lastKnownFileType = sourcecode.swift; path = KeychainPasswordItem.swift; sourceTree = "<group>"; };
		82F7C9901F714F7200B490E0 /* SettingsViewController.swift */ = {isa = PBXFileReference; lastKnownFileType = sourcecode.swift; path = SettingsViewController.swift; sourceTree = "<group>"; };
		90607365AECCEA6F619AD235 /* Pods_VRTCL.framework */ = {isa = PBXFileReference; explicitFileType = wrapper.framework; includeInIndex = 0; path = Pods_VRTCL.framework; sourceTree = BUILT_PRODUCTS_DIR; };
		C7ED03A3FE2C40947A8DF312 /* Pods-VRTCL.debug.xcconfig */ = {isa = PBXFileReference; includeInIndex = 1; lastKnownFileType = text.xcconfig; name = "Pods-VRTCL.debug.xcconfig"; path = "Pods/Target Support Files/Pods-VRTCL/Pods-VRTCL.debug.xcconfig"; sourceTree = "<group>"; };
/* End PBXFileReference section */

/* Begin PBXFrameworksBuildPhase section */
		829F246D1B0021EB00BDF443 /* Frameworks */ = {
			isa = PBXFrameworksBuildPhase;
			buildActionMask = 2147483647;
			files = (
				3F4F289F71D4EFE85706F3B1 /* Pods_VRTCL.framework in Frameworks */,
			);
			runOnlyForDeploymentPostprocessing = 0;
		};
/* End PBXFrameworksBuildPhase section */

/* Begin PBXGroup section */
		43A5DA5CBEAC7753FEB2889A /* Pods */ = {
			isa = PBXGroup;
			children = (
				C7ED03A3FE2C40947A8DF312 /* Pods-VRTCL.debug.xcconfig */,
				11548FC4C7368AB9F99898D7 /* Pods-VRTCL.release.xcconfig */,
			);
			name = Pods;
			sourceTree = "<group>";
		};
		8211D5CA1EDA554700DF3F48 /* Timeline */ = {
			isa = PBXGroup;
			children = (
				8211D5CE1EDA571900DF3F48 /* Timeline.storyboard */,
				82B9866D1F0FD1BA001BD4B5 /* TimelineTableViewController.swift */,
				82B9866F1F0FD1FA001BD4B5 /* TimelineTableViewCell.swift */,
			);
			name = Timeline;
			sourceTree = "<group>";
		};
		8211D5CB1EDA55FB00DF3F48 /* Analytics */ = {
			isa = PBXGroup;
			children = (
				8211D5D01EDA575E00DF3F48 /* Analytics.storyboard */,
				8233F7071F4B9D7B00508B52 /* AnalyticsViewController.swift */,
				8233F7091F4CCF7F00508B52 /* PieChartView.swift */,
			);
			name = Analytics;
			sourceTree = "<group>";
		};
		8211D5CC1EDA560E00DF3F48 /* Friends */ = {
			isa = PBXGroup;
			children = (
				8211D5D21EDA576D00DF3F48 /* Friends.storyboard */,
				8203E1FB1F786882006BF061 /* FriendsTableViewController.swift */,
				8203E1FD1F7868A2006BF061 /* FriendTableViewCell.swift */,
			);
			name = Friends;
			sourceTree = "<group>";
		};
		8211D5CD1EDA561A00DF3F48 /* Settings */ = {
			isa = PBXGroup;
			children = (
				8211D5D41EDA577D00DF3F48 /* Settings.storyboard */,
				82F7C9901F714F7200B490E0 /* SettingsViewController.swift */,
			);
			name = Settings;
			sourceTree = "<group>";
		};
		8211D5D61EDA57AD00DF3F48 /* Login/Signup */ = {
			isa = PBXGroup;
			children = (
				82C20C661F6F34BC00EFD799 /* LoginViewController.swift */,
				82F7C98A1F700C8A00B490E0 /* SignupViewController.swift */,
				82F7C98C1F7043A400B490E0 /* KeychainPasswordItem.swift */,
			);
			name = Login/Signup;
			sourceTree = "<group>";
		};
		826960711E9995860050B663 /* Tabs */ = {
			isa = PBXGroup;
			children = (
				8211D5D61EDA57AD00DF3F48 /* Login/Signup */,
				82B3033D1EB6F7D0001DD730 /* Sessions */,
				8211D5CA1EDA554700DF3F48 /* Timeline */,
				8211D5CB1EDA55FB00DF3F48 /* Analytics */,
				8211D5CC1EDA560E00DF3F48 /* Friends */,
				8211D5CD1EDA561A00DF3F48 /* Settings */,
				829F247B1B0021EB00BDF443 /* Main.storyboard */,
				82C12A7D1C2480F900D9AC45 /* NavigationController.swift */,
				82C12A7F1C24811100D9AC45 /* TabBarController.swift */,
			);
			name = Tabs;
			sourceTree = "<group>";
		};
		826960721E9995A30050B663 /* Data Models */ = {
			isa = PBXGroup;
			children = (
				8203E1FF1F786C6E006BF061 /* User.swift */,
				82834E331BD002400006793C /* DataModel.swift */,
				82C139E61F12C0E70027FB1D /* JsonIO.swift */,
			);
			name = "Data Models";
			sourceTree = "<group>";
		};
		826960731E9995FC0050B663 /* UI Elements */ = {
			isa = PBXGroup;
			children = (
				821812171C2461CF004726DC /* Buttons.swift */,
				82AAC0C61EEF5ED800B7E6A3 /* CircleButtonWithText.swift */,
				82541A301EF265D10020032C /* ButtonGrid.swift */,
				82DA1CD41F02E15400135394 /* FatTextField.swift */,
			);
			name = "UI Elements";
			sourceTree = "<group>";
		};
		829F24671B0021EB00BDF443 = {
			isa = PBXGroup;
			children = (
				829F24721B0021EB00BDF443 /* VRTCL */,
				829F24711B0021EB00BDF443 /* Products */,
				43A5DA5CBEAC7753FEB2889A /* Pods */,
				E9B3D1D6646365E90333817F /* Frameworks */,
			);
			sourceTree = "<group>";
		};
		829F24711B0021EB00BDF443 /* Products */ = {
			isa = PBXGroup;
			children = (
				829F24701B0021EB00BDF443 /* VRTCL.app */,
			);
			name = Products;
			sourceTree = "<group>";
		};
		829F24721B0021EB00BDF443 /* VRTCL */ = {
			isa = PBXGroup;
			children = (
				829F24751B0021EB00BDF443 /* AppDelegate.swift */,
				82C12A811C24827800D9AC45 /* Constants.swift */,
				82430AE21EB3DFD300160D15 /* Extensions.swift */,
				82C20C681F6F444400EFD799 /* API */,
				826960731E9995FC0050B663 /* UI Elements */,
				826960721E9995A30050B663 /* Data Models */,
				826960711E9995860050B663 /* Tabs */,
				829F24731B0021EB00BDF443 /* Supporting Files */,
			);
			path = VRTCL;
			sourceTree = "<group>";
		};
		829F24731B0021EB00BDF443 /* Supporting Files */ = {
			isa = PBXGroup;
			children = (
				829F247E1B0021EB00BDF443 /* Images.xcassets */,
				829F24801B0021EB00BDF443 /* LaunchScreen.xib */,
				829F24741B0021EB00BDF443 /* Info.plist */,
			);
			name = "Supporting Files";
			sourceTree = "<group>";
		};
		82B3033D1EB6F7D0001DD730 /* Sessions */ = {
			isa = PBXGroup;
			children = (
				82B3033E1EB6F7F6001DD730 /* Sessions.storyboard */,
				82BAE5E81EEA49BB00383585 /* AddSessionTableViewController.swift */,
				829EC0B01EEECAF200AB055F /* EditSessionViewController.swift */,
				829EC0B21EEECB1200AB055F /* AddRouteTableViewController.swift */,
				8227CA601EF5157B00EF236A /* SessionsTableViewCell.swift */,
				828C5DF81F07F5D000CB7468 /* DurationView.swift */,
				82DE82791F4402B800047A77 /* SessionViewModel.swift */,
			);
			name = Sessions;
			sourceTree = "<group>";
		};
		82C20C681F6F444400EFD799 /* API */ = {
			isa = PBXGroup;
			children = (
				82C20C691F6F445E00EFD799 /* APIController.swift */,
			);
			name = API;
			sourceTree = "<group>";
		};
		E9B3D1D6646365E90333817F /* Frameworks */ = {
			isa = PBXGroup;
			children = (
				90607365AECCEA6F619AD235 /* Pods_VRTCL.framework */,
			);
			name = Frameworks;
			sourceTree = "<group>";
		};
/* End PBXGroup section */

/* Begin PBXNativeTarget section */
		829F246F1B0021EB00BDF443 /* VRTCL */ = {
			isa = PBXNativeTarget;
			buildConfigurationList = 829F24911B0021EB00BDF443 /* Build configuration list for PBXNativeTarget "VRTCL" */;
			buildPhases = (
				C2757E5B4A186D305FBD7C60 /* [CP] Check Pods Manifest.lock */,
				829F246C1B0021EB00BDF443 /* Sources */,
				829F246D1B0021EB00BDF443 /* Frameworks */,
				829F246E1B0021EB00BDF443 /* Resources */,
				E12579D629BC0E743D26DD78 /* [CP] Embed Pods Frameworks */,
			);
			buildRules = (
			);
			dependencies = (
			);
			name = VRTCL;
			productName = VRTCL;
			productReference = 829F24701B0021EB00BDF443 /* VRTCL.app */;
			productType = "com.apple.product-type.application";
		};
/* End PBXNativeTarget section */

/* Begin PBXProject section */
		829F24681B0021EB00BDF443 /* Project object */ = {
			isa = PBXProject;
			attributes = {
				LastSwiftUpdateCheck = 0700;
				LastUpgradeCheck = 1000;
				ORGANIZATIONNAME = Lindemann;
				TargetAttributes = {
					829F246F1B0021EB00BDF443 = {
						CreatedOnToolsVersion = 6.3.1;
						DevelopmentTeam = 8VR4U35UB5;
						LastSwiftMigration = 1000;
						SystemCapabilities = {
							com.apple.BackgroundModes = {
								enabled = 1;
							};
						};
					};
				};
			};
			buildConfigurationList = 829F246B1B0021EB00BDF443 /* Build configuration list for PBXProject "VRTCL" */;
			compatibilityVersion = "Xcode 3.2";
			developmentRegion = English;
			hasScannedForEncodings = 0;
			knownRegions = (
				en,
				Base,
			);
			mainGroup = 829F24671B0021EB00BDF443;
			productRefGroup = 829F24711B0021EB00BDF443 /* Products */;
			projectDirPath = "";
			projectRoot = "";
			targets = (
				829F246F1B0021EB00BDF443 /* VRTCL */,
			);
		};
/* End PBXProject section */

/* Begin PBXResourcesBuildPhase section */
		829F246E1B0021EB00BDF443 /* Resources */ = {
			isa = PBXResourcesBuildPhase;
			buildActionMask = 2147483647;
			files = (
				829F247D1B0021EB00BDF443 /* Main.storyboard in Resources */,
				8211D5D31EDA576D00DF3F48 /* Friends.storyboard in Resources */,
				82B3033F1EB6F7F6001DD730 /* Sessions.storyboard in Resources */,
				8211D5D51EDA577D00DF3F48 /* Settings.storyboard in Resources */,
				8211D5CF1EDA571900DF3F48 /* Timeline.storyboard in Resources */,
				8211D5D11EDA575E00DF3F48 /* Analytics.storyboard in Resources */,
				829F24821B0021EB00BDF443 /* LaunchScreen.xib in Resources */,
				829F247F1B0021EB00BDF443 /* Images.xcassets in Resources */,
			);
			runOnlyForDeploymentPostprocessing = 0;
		};
/* End PBXResourcesBuildPhase section */

/* Begin PBXShellScriptBuildPhase section */
		C2757E5B4A186D305FBD7C60 /* [CP] Check Pods Manifest.lock */ = {
			isa = PBXShellScriptBuildPhase;
			buildActionMask = 2147483647;
			files = (
			);
			inputPaths = (
				"${PODS_PODFILE_DIR_PATH}/Podfile.lock",
				"${PODS_ROOT}/Manifest.lock",
			);
			name = "[CP] Check Pods Manifest.lock";
			outputPaths = (
				"$(DERIVED_FILE_DIR)/Pods-VRTCL-checkManifestLockResult.txt",
			);
			runOnlyForDeploymentPostprocessing = 0;
			shellPath = /bin/sh;
			shellScript = "diff \"${PODS_PODFILE_DIR_PATH}/Podfile.lock\" \"${PODS_ROOT}/Manifest.lock\" > /dev/null\nif [ $? != 0 ] ; then\n    # print error to STDERR\n    echo \"error: The sandbox is not in sync with the Podfile.lock. Run 'pod install' or update your CocoaPods installation.\" >&2\n    exit 1\nfi\n# This output is used by Xcode 'outputs' to avoid re-running this script phase.\necho \"SUCCESS\" > \"${SCRIPT_OUTPUT_FILE_0}\"\n";
			showEnvVarsInLog = 0;
		};
		E12579D629BC0E743D26DD78 /* [CP] Embed Pods Frameworks */ = {
			isa = PBXShellScriptBuildPhase;
			buildActionMask = 2147483647;
			files = (
			);
			inputPaths = (
				"${SRCROOT}/Pods/Target Support Files/Pods-VRTCL/Pods-VRTCL-frameworks.sh",
				"${BUILT_PRODUCTS_DIR}/Alamofire/Alamofire.framework",
				"${BUILT_PRODUCTS_DIR}/Kingfisher/Kingfisher.framework",
			);
			name = "[CP] Embed Pods Frameworks";
			outputPaths = (
				"${TARGET_BUILD_DIR}/${FRAMEWORKS_FOLDER_PATH}/Alamofire.framework",
				"${TARGET_BUILD_DIR}/${FRAMEWORKS_FOLDER_PATH}/Kingfisher.framework",
			);
			runOnlyForDeploymentPostprocessing = 0;
			shellPath = /bin/sh;
			shellScript = "\"${SRCROOT}/Pods/Target Support Files/Pods-VRTCL/Pods-VRTCL-frameworks.sh\"\n";
			showEnvVarsInLog = 0;
		};
/* End PBXShellScriptBuildPhase section */

/* Begin PBXSourcesBuildPhase section */
		829F246C1B0021EB00BDF443 /* Sources */ = {
			isa = PBXSourcesBuildPhase;
			buildActionMask = 2147483647;
			files = (
				8227CA611EF5157B00EF236A /* SessionsTableViewCell.swift in Sources */,
				821812181C2461CF004726DC /* Buttons.swift in Sources */,
				82DE827A1F4402B800047A77 /* SessionViewModel.swift in Sources */,
				8203E2001F786C6E006BF061 /* User.swift in Sources */,
				82430AE31EB3DFD300160D15 /* Extensions.swift in Sources */,
				82B9866E1F0FD1BA001BD4B5 /* TimelineTableViewController.swift in Sources */,
				8233F70A1F4CCF7F00508B52 /* PieChartView.swift in Sources */,
				82834E341BD002400006793C /* DataModel.swift in Sources */,
				82C12A7E1C2480F900D9AC45 /* NavigationController.swift in Sources */,
				82BAE5E91EEA49BB00383585 /* AddSessionTableViewController.swift in Sources */,
				82541A311EF265D10020032C /* ButtonGrid.swift in Sources */,
				82C12A801C24811100D9AC45 /* TabBarController.swift in Sources */,
				82AAC0C71EEF5ED800B7E6A3 /* CircleButtonWithText.swift in Sources */,
				82B986701F0FD1FA001BD4B5 /* TimelineTableViewCell.swift in Sources */,
				8203E1FE1F7868A2006BF061 /* FriendTableViewCell.swift in Sources */,
				82DA1CD51F02E15400135394 /* FatTextField.swift in Sources */,
				82C20C6A1F6F445E00EFD799 /* APIController.swift in Sources */,
				82C12A821C24827800D9AC45 /* Constants.swift in Sources */,
				829F24761B0021EB00BDF443 /* AppDelegate.swift in Sources */,
				8203E1FC1F786882006BF061 /* FriendsTableViewController.swift in Sources */,
				82C139E71F12C0E70027FB1D /* JsonIO.swift in Sources */,
				82F7C98B1F700C8A00B490E0 /* SignupViewController.swift in Sources */,
				82F7C9911F714F7200B490E0 /* SettingsViewController.swift in Sources */,
				829EC0B31EEECB1200AB055F /* AddRouteTableViewController.swift in Sources */,
				82F7C98D1F7043A400B490E0 /* KeychainPasswordItem.swift in Sources */,
				828C5DF91F07F5D000CB7468 /* DurationView.swift in Sources */,
				829EC0B11EEECAF200AB055F /* EditSessionViewController.swift in Sources */,
				82C20C671F6F34BC00EFD799 /* LoginViewController.swift in Sources */,
				8233F7081F4B9D7B00508B52 /* AnalyticsViewController.swift in Sources */,
			);
			runOnlyForDeploymentPostprocessing = 0;
		};
/* End PBXSourcesBuildPhase section */

/* Begin PBXVariantGroup section */
		829F247B1B0021EB00BDF443 /* Main.storyboard */ = {
			isa = PBXVariantGroup;
			children = (
				829F247C1B0021EB00BDF443 /* Base */,
			);
			name = Main.storyboard;
			sourceTree = "<group>";
		};
		829F24801B0021EB00BDF443 /* LaunchScreen.xib */ = {
			isa = PBXVariantGroup;
			children = (
				829F24811B0021EB00BDF443 /* Base */,
			);
			name = LaunchScreen.xib;
			sourceTree = "<group>";
		};
/* End PBXVariantGroup section */

/* Begin XCBuildConfiguration section */
		829F248F1B0021EB00BDF443 /* Debug */ = {
			isa = XCBuildConfiguration;
			buildSettings = {
				ALWAYS_SEARCH_USER_PATHS = NO;
				CLANG_CXX_LANGUAGE_STANDARD = "gnu++0x";
				CLANG_CXX_LIBRARY = "libc++";
				CLANG_ENABLE_MODULES = YES;
				CLANG_ENABLE_OBJC_ARC = YES;
				CLANG_WARN_BLOCK_CAPTURE_AUTORELEASING = YES;
				CLANG_WARN_BOOL_CONVERSION = YES;
				CLANG_WARN_COMMA = YES;
				CLANG_WARN_CONSTANT_CONVERSION = YES;
				CLANG_WARN_DEPRECATED_OBJC_IMPLEMENTATIONS = YES;
				CLANG_WARN_DIRECT_OBJC_ISA_USAGE = YES_ERROR;
				CLANG_WARN_EMPTY_BODY = YES;
				CLANG_WARN_ENUM_CONVERSION = YES;
				CLANG_WARN_INFINITE_RECURSION = YES;
				CLANG_WARN_INT_CONVERSION = YES;
				CLANG_WARN_NON_LITERAL_NULL_CONVERSION = YES;
				CLANG_WARN_OBJC_IMPLICIT_RETAIN_SELF = YES;
				CLANG_WARN_OBJC_LITERAL_CONVERSION = YES;
				CLANG_WARN_OBJC_ROOT_CLASS = YES_ERROR;
				CLANG_WARN_RANGE_LOOP_ANALYSIS = YES;
				CLANG_WARN_STRICT_PROTOTYPES = YES;
				CLANG_WARN_SUSPICIOUS_MOVE = YES;
				CLANG_WARN_UNREACHABLE_CODE = YES;
				CLANG_WARN__DUPLICATE_METHOD_MATCH = YES;
				"CODE_SIGN_IDENTITY[sdk=iphoneos*]" = "iPhone Developer";
				COPY_PHASE_STRIP = NO;
				DEBUG_INFORMATION_FORMAT = "dwarf-with-dsym";
				ENABLE_STRICT_OBJC_MSGSEND = YES;
				ENABLE_TESTABILITY = YES;
				GCC_C_LANGUAGE_STANDARD = gnu99;
				GCC_DYNAMIC_NO_PIC = NO;
				GCC_NO_COMMON_BLOCKS = YES;
				GCC_OPTIMIZATION_LEVEL = 0;
				GCC_PREPROCESSOR_DEFINITIONS = (
					"DEBUG=1",
					"$(inherited)",
				);
				GCC_SYMBOLS_PRIVATE_EXTERN = NO;
				GCC_WARN_64_TO_32_BIT_CONVERSION = YES;
				GCC_WARN_ABOUT_RETURN_TYPE = YES_ERROR;
				GCC_WARN_UNDECLARED_SELECTOR = YES;
				GCC_WARN_UNINITIALIZED_AUTOS = YES_AGGRESSIVE;
				GCC_WARN_UNUSED_FUNCTION = YES;
				GCC_WARN_UNUSED_VARIABLE = YES;
				IPHONEOS_DEPLOYMENT_TARGET = 8.3;
				MTL_ENABLE_DEBUG_INFO = YES;
				ONLY_ACTIVE_ARCH = YES;
				SDKROOT = iphoneos;
				SWIFT_OPTIMIZATION_LEVEL = "-Onone";
				TARGETED_DEVICE_FAMILY = "1,2";
			};
			name = Debug;
		};
		829F24901B0021EB00BDF443 /* Release */ = {
			isa = XCBuildConfiguration;
			buildSettings = {
				ALWAYS_SEARCH_USER_PATHS = NO;
				CLANG_CXX_LANGUAGE_STANDARD = "gnu++0x";
				CLANG_CXX_LIBRARY = "libc++";
				CLANG_ENABLE_MODULES = YES;
				CLANG_ENABLE_OBJC_ARC = YES;
				CLANG_WARN_BLOCK_CAPTURE_AUTORELEASING = YES;
				CLANG_WARN_BOOL_CONVERSION = YES;
				CLANG_WARN_COMMA = YES;
				CLANG_WARN_CONSTANT_CONVERSION = YES;
				CLANG_WARN_DEPRECATED_OBJC_IMPLEMENTATIONS = YES;
				CLANG_WARN_DIRECT_OBJC_ISA_USAGE = YES_ERROR;
				CLANG_WARN_EMPTY_BODY = YES;
				CLANG_WARN_ENUM_CONVERSION = YES;
				CLANG_WARN_INFINITE_RECURSION = YES;
				CLANG_WARN_INT_CONVERSION = YES;
				CLANG_WARN_NON_LITERAL_NULL_CONVERSION = YES;
				CLANG_WARN_OBJC_IMPLICIT_RETAIN_SELF = YES;
				CLANG_WARN_OBJC_LITERAL_CONVERSION = YES;
				CLANG_WARN_OBJC_ROOT_CLASS = YES_ERROR;
				CLANG_WARN_RANGE_LOOP_ANALYSIS = YES;
				CLANG_WARN_STRICT_PROTOTYPES = YES;
				CLANG_WARN_SUSPICIOUS_MOVE = YES;
				CLANG_WARN_UNREACHABLE_CODE = YES;
				CLANG_WARN__DUPLICATE_METHOD_MATCH = YES;
				"CODE_SIGN_IDENTITY[sdk=iphoneos*]" = "iPhone Developer";
				COPY_PHASE_STRIP = NO;
				DEBUG_INFORMATION_FORMAT = "dwarf-with-dsym";
				ENABLE_NS_ASSERTIONS = NO;
				ENABLE_STRICT_OBJC_MSGSEND = YES;
				GCC_C_LANGUAGE_STANDARD = gnu99;
				GCC_NO_COMMON_BLOCKS = YES;
				GCC_WARN_64_TO_32_BIT_CONVERSION = YES;
				GCC_WARN_ABOUT_RETURN_TYPE = YES_ERROR;
				GCC_WARN_UNDECLARED_SELECTOR = YES;
				GCC_WARN_UNINITIALIZED_AUTOS = YES_AGGRESSIVE;
				GCC_WARN_UNUSED_FUNCTION = YES;
				GCC_WARN_UNUSED_VARIABLE = YES;
				IPHONEOS_DEPLOYMENT_TARGET = 8.3;
				MTL_ENABLE_DEBUG_INFO = NO;
				SDKROOT = iphoneos;
				SWIFT_OPTIMIZATION_LEVEL = "-Owholemodule";
				TARGETED_DEVICE_FAMILY = "1,2";
				VALIDATE_PRODUCT = YES;
			};
			name = Release;
		};
		829F24921B0021EB00BDF443 /* Debug */ = {
			isa = XCBuildConfiguration;
			baseConfigurationReference = C7ED03A3FE2C40947A8DF312 /* Pods-VRTCL.debug.xcconfig */;
			buildSettings = {
				ASSETCATALOG_COMPILER_APPICON_NAME = AppIcon;
				CODE_SIGN_IDENTITY = "iPhone Developer";
				"CODE_SIGN_IDENTITY[sdk=iphoneos*]" = "iPhone Developer";
				DEVELOPMENT_TEAM = 8VR4U35UB5;
				INFOPLIST_FILE = VRTCL/Info.plist;
				IPHONEOS_DEPLOYMENT_TARGET = 11.0;
				LD_RUNPATH_SEARCH_PATHS = "$(inherited) @executable_path/Frameworks";
				PRODUCT_BUNDLE_IDENTIFIER = com.lindemann.VRTCL;
				PRODUCT_NAME = "$(TARGET_NAME)";
				PROVISIONING_PROFILE = "";
				SWIFT_VERSION = 4.2;
			};
			name = Debug;
		};
		829F24931B0021EB00BDF443 /* Release */ = {
			isa = XCBuildConfiguration;
			baseConfigurationReference = 11548FC4C7368AB9F99898D7 /* Pods-VRTCL.release.xcconfig */;
			buildSettings = {
				ASSETCATALOG_COMPILER_APPICON_NAME = AppIcon;
				CODE_SIGN_IDENTITY = "iPhone Developer";
				"CODE_SIGN_IDENTITY[sdk=iphoneos*]" = "iPhone Developer";
				DEVELOPMENT_TEAM = 8VR4U35UB5;
				INFOPLIST_FILE = VRTCL/Info.plist;
				IPHONEOS_DEPLOYMENT_TARGET = 11.0;
				LD_RUNPATH_SEARCH_PATHS = "$(inherited) @executable_path/Frameworks";
				PRODUCT_BUNDLE_IDENTIFIER = com.lindemann.VRTCL;
				PRODUCT_NAME = "$(TARGET_NAME)";
				PROVISIONING_PROFILE = "";
				SWIFT_VERSION = 4.2;
			};
			name = Release;
		};
/* End XCBuildConfiguration section */

/* Begin XCConfigurationList section */
		829F246B1B0021EB00BDF443 /* Build configuration list for PBXProject "VRTCL" */ = {
			isa = XCConfigurationList;
			buildConfigurations = (
				829F248F1B0021EB00BDF443 /* Debug */,
				829F24901B0021EB00BDF443 /* Release */,
			);
			defaultConfigurationIsVisible = 0;
			defaultConfigurationName = Release;
		};
		829F24911B0021EB00BDF443 /* Build configuration list for PBXNativeTarget "VRTCL" */ = {
			isa = XCConfigurationList;
			buildConfigurations = (
				829F24921B0021EB00BDF443 /* Debug */,
				829F24931B0021EB00BDF443 /* Release */,
			);
			defaultConfigurationIsVisible = 0;
			defaultConfigurationName = Release;
		};
/* End XCConfigurationList section */
	};
	rootObject = 829F24681B0021EB00BDF443 /* Project object */;
}
