// !$*UTF8*$!
{
	archiveVersion = 1;
	classes = {
	};
	objectVersion = 46;
	objects = {

/* Begin PBXBuildFile section */
		1BCE6805AF26CBE304D0279C /* Pods_VRTCL.framework in Frameworks */ = {isa = PBXBuildFile; fileRef = 0BFE5C1A514C4197E09425F8 /* Pods_VRTCL.framework */; };
		8211D5CF1EDA571900DF3F48 /* Timeline.storyboard in Resources */ = {isa = PBXBuildFile; fileRef = 8211D5CE1EDA571900DF3F48 /* Timeline.storyboard */; };
		8211D5D11EDA575E00DF3F48 /* Statistics.storyboard in Resources */ = {isa = PBXBuildFile; fileRef = 8211D5D01EDA575E00DF3F48 /* Statistics.storyboard */; };
		8211D5D31EDA576D00DF3F48 /* Friends.storyboard in Resources */ = {isa = PBXBuildFile; fileRef = 8211D5D21EDA576D00DF3F48 /* Friends.storyboard */; };
		8211D5D51EDA577D00DF3F48 /* Settings.storyboard in Resources */ = {isa = PBXBuildFile; fileRef = 8211D5D41EDA577D00DF3F48 /* Settings.storyboard */; };
		8211D5D81EDA580200DF3F48 /* LoginSignup.storyboard in Resources */ = {isa = PBXBuildFile; fileRef = 8211D5D71EDA580200DF3F48 /* LoginSignup.storyboard */; };
		821812181C2461CF004726DC /* Buttons.swift in Sources */ = {isa = PBXBuildFile; fileRef = 821812171C2461CF004726DC /* Buttons.swift */; };
		82430AE31EB3DFD300160D15 /* Extensions.swift in Sources */ = {isa = PBXBuildFile; fileRef = 82430AE21EB3DFD300160D15 /* Extensions.swift */; };
		82834E341BD002400006793C /* DataModel.swift in Sources */ = {isa = PBXBuildFile; fileRef = 82834E331BD002400006793C /* DataModel.swift */; };
		829F24761B0021EB00BDF443 /* AppDelegate.swift in Sources */ = {isa = PBXBuildFile; fileRef = 829F24751B0021EB00BDF443 /* AppDelegate.swift */; };
		829F24781B0021EB00BDF443 /* ViewController.swift in Sources */ = {isa = PBXBuildFile; fileRef = 829F24771B0021EB00BDF443 /* ViewController.swift */; };
		829F247D1B0021EB00BDF443 /* Main.storyboard in Resources */ = {isa = PBXBuildFile; fileRef = 829F247B1B0021EB00BDF443 /* Main.storyboard */; };
		829F247F1B0021EB00BDF443 /* Images.xcassets in Resources */ = {isa = PBXBuildFile; fileRef = 829F247E1B0021EB00BDF443 /* Images.xcassets */; };
		829F24821B0021EB00BDF443 /* LaunchScreen.xib in Resources */ = {isa = PBXBuildFile; fileRef = 829F24801B0021EB00BDF443 /* LaunchScreen.xib */; };
		82AD9AA91DACDA22009F88A1 /* ButtonCluster.swift in Sources */ = {isa = PBXBuildFile; fileRef = 82AD9AA81DACDA22009F88A1 /* ButtonCluster.swift */; };
		82B3033F1EB6F7F6001DD730 /* Sessions.storyboard in Resources */ = {isa = PBXBuildFile; fileRef = 82B3033E1EB6F7F6001DD730 /* Sessions.storyboard */; };
		82BAE5E91EEA49BB00383585 /* SessionsTableViewController.swift in Sources */ = {isa = PBXBuildFile; fileRef = 82BAE5E81EEA49BB00383585 /* SessionsTableViewController.swift */; };
		82C12A7E1C2480F900D9AC45 /* NavigationController.swift in Sources */ = {isa = PBXBuildFile; fileRef = 82C12A7D1C2480F900D9AC45 /* NavigationController.swift */; };
		82C12A801C24811100D9AC45 /* TabBarController.swift in Sources */ = {isa = PBXBuildFile; fileRef = 82C12A7F1C24811100D9AC45 /* TabBarController.swift */; };
		82C12A821C24827800D9AC45 /* Constants.swift in Sources */ = {isa = PBXBuildFile; fileRef = 82C12A811C24827800D9AC45 /* Constants.swift */; };
/* End PBXBuildFile section */

/* Begin PBXFileReference section */
		0BFE5C1A514C4197E09425F8 /* Pods_VRTCL.framework */ = {isa = PBXFileReference; explicitFileType = wrapper.framework; includeInIndex = 0; path = Pods_VRTCL.framework; sourceTree = BUILT_PRODUCTS_DIR; };
		3C68448ED67250B46169AAB0 /* Pods-VRTCL.release.xcconfig */ = {isa = PBXFileReference; includeInIndex = 1; lastKnownFileType = text.xcconfig; name = "Pods-VRTCL.release.xcconfig"; path = "Pods/Target Support Files/Pods-VRTCL/Pods-VRTCL.release.xcconfig"; sourceTree = "<group>"; };
		8211D5CE1EDA571900DF3F48 /* Timeline.storyboard */ = {isa = PBXFileReference; fileEncoding = 4; lastKnownFileType = file.storyboard; path = Timeline.storyboard; sourceTree = "<group>"; };
		8211D5D01EDA575E00DF3F48 /* Statistics.storyboard */ = {isa = PBXFileReference; fileEncoding = 4; lastKnownFileType = file.storyboard; path = Statistics.storyboard; sourceTree = "<group>"; };
		8211D5D21EDA576D00DF3F48 /* Friends.storyboard */ = {isa = PBXFileReference; fileEncoding = 4; lastKnownFileType = file.storyboard; path = Friends.storyboard; sourceTree = "<group>"; };
		8211D5D41EDA577D00DF3F48 /* Settings.storyboard */ = {isa = PBXFileReference; fileEncoding = 4; lastKnownFileType = file.storyboard; path = Settings.storyboard; sourceTree = "<group>"; };
		8211D5D71EDA580200DF3F48 /* LoginSignup.storyboard */ = {isa = PBXFileReference; fileEncoding = 4; lastKnownFileType = file.storyboard; path = LoginSignup.storyboard; sourceTree = "<group>"; };
		821812171C2461CF004726DC /* Buttons.swift */ = {isa = PBXFileReference; fileEncoding = 4; lastKnownFileType = sourcecode.swift; path = Buttons.swift; sourceTree = "<group>"; };
		82430AE21EB3DFD300160D15 /* Extensions.swift */ = {isa = PBXFileReference; fileEncoding = 4; lastKnownFileType = sourcecode.swift; path = Extensions.swift; sourceTree = "<group>"; };
		82834E331BD002400006793C /* DataModel.swift */ = {isa = PBXFileReference; fileEncoding = 4; lastKnownFileType = sourcecode.swift; path = DataModel.swift; sourceTree = "<group>"; };
		829F24701B0021EB00BDF443 /* VRTCL.app */ = {isa = PBXFileReference; explicitFileType = wrapper.application; includeInIndex = 0; path = VRTCL.app; sourceTree = BUILT_PRODUCTS_DIR; };
		829F24741B0021EB00BDF443 /* Info.plist */ = {isa = PBXFileReference; lastKnownFileType = text.plist.xml; path = Info.plist; sourceTree = "<group>"; };
		829F24751B0021EB00BDF443 /* AppDelegate.swift */ = {isa = PBXFileReference; lastKnownFileType = sourcecode.swift; path = AppDelegate.swift; sourceTree = "<group>"; };
		829F24771B0021EB00BDF443 /* ViewController.swift */ = {isa = PBXFileReference; lastKnownFileType = sourcecode.swift; path = ViewController.swift; sourceTree = "<group>"; };
		829F247C1B0021EB00BDF443 /* Base */ = {isa = PBXFileReference; lastKnownFileType = file.storyboard; name = Base; path = Base.lproj/Main.storyboard; sourceTree = "<group>"; };
		829F247E1B0021EB00BDF443 /* Images.xcassets */ = {isa = PBXFileReference; lastKnownFileType = folder.assetcatalog; path = Images.xcassets; sourceTree = "<group>"; };
		829F24811B0021EB00BDF443 /* Base */ = {isa = PBXFileReference; lastKnownFileType = file.xib; name = Base; path = Base.lproj/LaunchScreen.xib; sourceTree = "<group>"; };
		82AD9AA81DACDA22009F88A1 /* ButtonCluster.swift */ = {isa = PBXFileReference; fileEncoding = 4; lastKnownFileType = sourcecode.swift; path = ButtonCluster.swift; sourceTree = "<group>"; };
		82B3033E1EB6F7F6001DD730 /* Sessions.storyboard */ = {isa = PBXFileReference; fileEncoding = 4; lastKnownFileType = file.storyboard; path = Sessions.storyboard; sourceTree = "<group>"; };
		82BAE5E81EEA49BB00383585 /* SessionsTableViewController.swift */ = {isa = PBXFileReference; lastKnownFileType = sourcecode.swift; path = SessionsTableViewController.swift; sourceTree = "<group>"; };
		82C12A7D1C2480F900D9AC45 /* NavigationController.swift */ = {isa = PBXFileReference; fileEncoding = 4; lastKnownFileType = sourcecode.swift; path = NavigationController.swift; sourceTree = "<group>"; };
		82C12A7F1C24811100D9AC45 /* TabBarController.swift */ = {isa = PBXFileReference; fileEncoding = 4; lastKnownFileType = sourcecode.swift; path = TabBarController.swift; sourceTree = "<group>"; };
		82C12A811C24827800D9AC45 /* Constants.swift */ = {isa = PBXFileReference; fileEncoding = 4; lastKnownFileType = sourcecode.swift; path = Constants.swift; sourceTree = "<group>"; };
		A15E55CEF4005197D304EF55 /* Pods-VRTCL.debug.xcconfig */ = {isa = PBXFileReference; includeInIndex = 1; lastKnownFileType = text.xcconfig; name = "Pods-VRTCL.debug.xcconfig"; path = "Pods/Target Support Files/Pods-VRTCL/Pods-VRTCL.debug.xcconfig"; sourceTree = "<group>"; };
/* End PBXFileReference section */

/* Begin PBXFrameworksBuildPhase section */
		829F246D1B0021EB00BDF443 /* Frameworks */ = {
			isa = PBXFrameworksBuildPhase;
			buildActionMask = 2147483647;
			files = (
				1BCE6805AF26CBE304D0279C /* Pods_VRTCL.framework in Frameworks */,
			);
			runOnlyForDeploymentPostprocessing = 0;
		};
/* End PBXFrameworksBuildPhase section */

/* Begin PBXGroup section */
		769C827A37309D5C202D449B /* Pods */ = {
			isa = PBXGroup;
			children = (
				A15E55CEF4005197D304EF55 /* Pods-VRTCL.debug.xcconfig */,
				3C68448ED67250B46169AAB0 /* Pods-VRTCL.release.xcconfig */,
			);
			name = Pods;
			sourceTree = "<group>";
		};
		8211D5CA1EDA554700DF3F48 /* Timeline */ = {
			isa = PBXGroup;
			children = (
				8211D5CE1EDA571900DF3F48 /* Timeline.storyboard */,
			);
			name = Timeline;
			sourceTree = "<group>";
		};
		8211D5CB1EDA55FB00DF3F48 /* Statistics */ = {
			isa = PBXGroup;
			children = (
				8211D5D01EDA575E00DF3F48 /* Statistics.storyboard */,
			);
			name = Statistics;
			sourceTree = "<group>";
		};
		8211D5CC1EDA560E00DF3F48 /* Friends */ = {
			isa = PBXGroup;
			children = (
				8211D5D21EDA576D00DF3F48 /* Friends.storyboard */,
			);
			name = Friends;
			sourceTree = "<group>";
		};
		8211D5CD1EDA561A00DF3F48 /* Settings */ = {
			isa = PBXGroup;
			children = (
				8211D5D41EDA577D00DF3F48 /* Settings.storyboard */,
			);
			name = Settings;
			sourceTree = "<group>";
		};
		8211D5D61EDA57AD00DF3F48 /* Login/Signup */ = {
			isa = PBXGroup;
			children = (
				8211D5D71EDA580200DF3F48 /* LoginSignup.storyboard */,
			);
			name = Login/Signup;
			sourceTree = "<group>";
		};
		826960711E9995860050B663 /* Tabs/Main Controllers */ = {
			isa = PBXGroup;
			children = (
				8211D5D61EDA57AD00DF3F48 /* Login/Signup */,
				82B3033D1EB6F7D0001DD730 /* Sessions */,
				8211D5CA1EDA554700DF3F48 /* Timeline */,
				8211D5CB1EDA55FB00DF3F48 /* Statistics */,
				8211D5CC1EDA560E00DF3F48 /* Friends */,
				8211D5CD1EDA561A00DF3F48 /* Settings */,
				829F247B1B0021EB00BDF443 /* Main.storyboard */,
				829F24771B0021EB00BDF443 /* ViewController.swift */,
				82C12A7D1C2480F900D9AC45 /* NavigationController.swift */,
				82C12A7F1C24811100D9AC45 /* TabBarController.swift */,
			);
			name = "Tabs/Main Controllers";
			sourceTree = "<group>";
		};
		826960721E9995A30050B663 /* Data Models */ = {
			isa = PBXGroup;
			children = (
				82834E331BD002400006793C /* DataModel.swift */,
			);
			name = "Data Models";
			sourceTree = "<group>";
		};
		826960731E9995FC0050B663 /* UI Elements */ = {
			isa = PBXGroup;
			children = (
				821812171C2461CF004726DC /* Buttons.swift */,
				82AD9AA81DACDA22009F88A1 /* ButtonCluster.swift */,
			);
			name = "UI Elements";
			sourceTree = "<group>";
		};
		829F24671B0021EB00BDF443 = {
			isa = PBXGroup;
			children = (
				829F24721B0021EB00BDF443 /* VRTCL */,
				829F24711B0021EB00BDF443 /* Products */,
				769C827A37309D5C202D449B /* Pods */,
				E2A50A2325129DDFE5272BB6 /* Frameworks */,
			);
			sourceTree = "<group>";
		};
		829F24711B0021EB00BDF443 /* Products */ = {
			isa = PBXGroup;
			children = (
				829F24701B0021EB00BDF443 /* VRTCL.app */,
			);
			name = Products;
			sourceTree = "<group>";
		};
		829F24721B0021EB00BDF443 /* VRTCL */ = {
			isa = PBXGroup;
			children = (
				829F24751B0021EB00BDF443 /* AppDelegate.swift */,
				82C12A811C24827800D9AC45 /* Constants.swift */,
				82430AE21EB3DFD300160D15 /* Extensions.swift */,
				826960731E9995FC0050B663 /* UI Elements */,
				826960721E9995A30050B663 /* Data Models */,
				826960711E9995860050B663 /* Tabs/Main Controllers */,
				829F24731B0021EB00BDF443 /* Supporting Files */,
			);
			path = VRTCL;
			sourceTree = "<group>";
		};
		829F24731B0021EB00BDF443 /* Supporting Files */ = {
			isa = PBXGroup;
			children = (
				829F247E1B0021EB00BDF443 /* Images.xcassets */,
				829F24801B0021EB00BDF443 /* LaunchScreen.xib */,
				829F24741B0021EB00BDF443 /* Info.plist */,
			);
			name = "Supporting Files";
			sourceTree = "<group>";
		};
		82B3033D1EB6F7D0001DD730 /* Sessions */ = {
			isa = PBXGroup;
			children = (
				82B3033E1EB6F7F6001DD730 /* Sessions.storyboard */,
				82BAE5E81EEA49BB00383585 /* SessionsTableViewController.swift */,
			);
			name = Sessions;
			sourceTree = "<group>";
		};
		E2A50A2325129DDFE5272BB6 /* Frameworks */ = {
			isa = PBXGroup;
			children = (
				0BFE5C1A514C4197E09425F8 /* Pods_VRTCL.framework */,
			);
			name = Frameworks;
			sourceTree = "<group>";
		};
/* End PBXGroup section */

/* Begin PBXNativeTarget section */
		829F246F1B0021EB00BDF443 /* VRTCL */ = {
			isa = PBXNativeTarget;
			buildConfigurationList = 829F24911B0021EB00BDF443 /* Build configuration list for PBXNativeTarget "VRTCL" */;
			buildPhases = (
				BE02F8D243402FB5AF01C28F /* [CP] Check Pods Manifest.lock */,
				829F246C1B0021EB00BDF443 /* Sources */,
				829F246D1B0021EB00BDF443 /* Frameworks */,
				829F246E1B0021EB00BDF443 /* Resources */,
				49642F15BAEF0B4C97E7E0DA /* [CP] Embed Pods Frameworks */,
				7F52B1BD190194F68B660459 /* [CP] Copy Pods Resources */,
			);
			buildRules = (
			);
			dependencies = (
			);
			name = VRTCL;
			productName = VRTCL;
			productReference = 829F24701B0021EB00BDF443 /* VRTCL.app */;
			productType = "com.apple.product-type.application";
		};
/* End PBXNativeTarget section */

/* Begin PBXProject section */
		829F24681B0021EB00BDF443 /* Project object */ = {
			isa = PBXProject;
			attributes = {
				LastSwiftUpdateCheck = 0700;
				LastUpgradeCheck = 0900;
				ORGANIZATIONNAME = Lindemann;
				TargetAttributes = {
					829F246F1B0021EB00BDF443 = {
						CreatedOnToolsVersion = 6.3.1;
						DevelopmentTeam = 8VR4U35UB5;
						LastSwiftMigration = 0900;
					};
				};
			};
			buildConfigurationList = 829F246B1B0021EB00BDF443 /* Build configuration list for PBXProject "VRTCL" */;
			compatibilityVersion = "Xcode 3.2";
			developmentRegion = English;
			hasScannedForEncodings = 0;
			knownRegions = (
				en,
				Base,
			);
			mainGroup = 829F24671B0021EB00BDF443;
			productRefGroup = 829F24711B0021EB00BDF443 /* Products */;
			projectDirPath = "";
			projectRoot = "";
			targets = (
				829F246F1B0021EB00BDF443 /* VRTCL */,
			);
		};
/* End PBXProject section */

/* Begin PBXResourcesBuildPhase section */
		829F246E1B0021EB00BDF443 /* Resources */ = {
			isa = PBXResourcesBuildPhase;
			buildActionMask = 2147483647;
			files = (
				829F247D1B0021EB00BDF443 /* Main.storyboard in Resources */,
				8211D5D31EDA576D00DF3F48 /* Friends.storyboard in Resources */,
				82B3033F1EB6F7F6001DD730 /* Sessions.storyboard in Resources */,
				8211D5D51EDA577D00DF3F48 /* Settings.storyboard in Resources */,
				8211D5D81EDA580200DF3F48 /* LoginSignup.storyboard in Resources */,
				8211D5CF1EDA571900DF3F48 /* Timeline.storyboard in Resources */,
				8211D5D11EDA575E00DF3F48 /* Statistics.storyboard in Resources */,
				829F24821B0021EB00BDF443 /* LaunchScreen.xib in Resources */,
				829F247F1B0021EB00BDF443 /* Images.xcassets in Resources */,
			);
			runOnlyForDeploymentPostprocessing = 0;
		};
/* End PBXResourcesBuildPhase section */

/* Begin PBXShellScriptBuildPhase section */
		49642F15BAEF0B4C97E7E0DA /* [CP] Embed Pods Frameworks */ = {
			isa = PBXShellScriptBuildPhase;
			buildActionMask = 2147483647;
			files = (
			);
			inputPaths = (
			);
			name = "[CP] Embed Pods Frameworks";
			outputPaths = (
			);
			runOnlyForDeploymentPostprocessing = 0;
			shellPath = /bin/sh;
			shellScript = "\"${SRCROOT}/Pods/Target Support Files/Pods-VRTCL/Pods-VRTCL-frameworks.sh\"\n";
			showEnvVarsInLog = 0;
		};
		7F52B1BD190194F68B660459 /* [CP] Copy Pods Resources */ = {
			isa = PBXShellScriptBuildPhase;
			buildActionMask = 2147483647;
			files = (
			);
			inputPaths = (
			);
			name = "[CP] Copy Pods Resources";
			outputPaths = (
			);
			runOnlyForDeploymentPostprocessing = 0;
			shellPath = /bin/sh;
			shellScript = "\"${SRCROOT}/Pods/Target Support Files/Pods-VRTCL/Pods-VRTCL-resources.sh\"\n";
			showEnvVarsInLog = 0;
		};
		BE02F8D243402FB5AF01C28F /* [CP] Check Pods Manifest.lock */ = {
			isa = PBXShellScriptBuildPhase;
			buildActionMask = 2147483647;
			files = (
			);
			inputPaths = (
			);
			name = "[CP] Check Pods Manifest.lock";
			outputPaths = (
			);
			runOnlyForDeploymentPostprocessing = 0;
			shellPath = /bin/sh;
			shellScript = "diff \"${PODS_PODFILE_DIR_PATH}/Podfile.lock\" \"${PODS_ROOT}/Manifest.lock\" > /dev/null\nif [ $? != 0 ] ; then\n    # print error to STDERR\n    echo \"error: The sandbox is not in sync with the Podfile.lock. Run 'pod install' or update your CocoaPods installation.\" >&2\n    exit 1\nfi\n";
			showEnvVarsInLog = 0;
		};
/* End PBXShellScriptBuildPhase section */

/* Begin PBXSourcesBuildPhase section */
		829F246C1B0021EB00BDF443 /* Sources */ = {
			isa = PBXSourcesBuildPhase;
			buildActionMask = 2147483647;
			files = (
				821812181C2461CF004726DC /* Buttons.swift in Sources */,
				82430AE31EB3DFD300160D15 /* Extensions.swift in Sources */,
				82834E341BD002400006793C /* DataModel.swift in Sources */,
				82C12A7E1C2480F900D9AC45 /* NavigationController.swift in Sources */,
				82BAE5E91EEA49BB00383585 /* SessionsTableViewController.swift in Sources */,
				82C12A801C24811100D9AC45 /* TabBarController.swift in Sources */,
				82AD9AA91DACDA22009F88A1 /* ButtonCluster.swift in Sources */,
				82C12A821C24827800D9AC45 /* Constants.swift in Sources */,
				829F24761B0021EB00BDF443 /* AppDelegate.swift in Sources */,
				829F24781B0021EB00BDF443 /* ViewController.swift in Sources */,
			);
			runOnlyForDeploymentPostprocessing = 0;
		};
/* End PBXSourcesBuildPhase section */

/* Begin PBXVariantGroup section */
		829F247B1B0021EB00BDF443 /* Main.storyboard */ = {
			isa = PBXVariantGroup;
			children = (
				829F247C1B0021EB00BDF443 /* Base */,
			);
			name = Main.storyboard;
			sourceTree = "<group>";
		};
		829F24801B0021EB00BDF443 /* LaunchScreen.xib */ = {
			isa = PBXVariantGroup;
			children = (
				829F24811B0021EB00BDF443 /* Base */,
			);
			name = LaunchScreen.xib;
			sourceTree = "<group>";
		};
/* End PBXVariantGroup section */

/* Begin XCBuildConfiguration section */
		829F248F1B0021EB00BDF443 /* Debug */ = {
			isa = XCBuildConfiguration;
			buildSettings = {
				ALWAYS_SEARCH_USER_PATHS = NO;
				CLANG_CXX_LANGUAGE_STANDARD = "gnu++0x";
				CLANG_CXX_LIBRARY = "libc++";
				CLANG_ENABLE_MODULES = YES;
				CLANG_ENABLE_OBJC_ARC = YES;
				CLANG_WARN_BLOCK_CAPTURE_AUTORELEASING = YES;
				CLANG_WARN_BOOL_CONVERSION = YES;
				CLANG_WARN_COMMA = YES;
				CLANG_WARN_CONSTANT_CONVERSION = YES;
				CLANG_WARN_DIRECT_OBJC_ISA_USAGE = YES_ERROR;
				CLANG_WARN_EMPTY_BODY = YES;
				CLANG_WARN_ENUM_CONVERSION = YES;
				CLANG_WARN_INFINITE_RECURSION = YES;
				CLANG_WARN_INT_CONVERSION = YES;
				CLANG_WARN_NON_LITERAL_NULL_CONVERSION = YES;
				CLANG_WARN_OBJC_LITERAL_CONVERSION = YES;
				CLANG_WARN_OBJC_ROOT_CLASS = YES_ERROR;
				CLANG_WARN_RANGE_LOOP_ANALYSIS = YES;
				CLANG_WARN_STRICT_PROTOTYPES = YES;
				CLANG_WARN_SUSPICIOUS_MOVE = YES;
				CLANG_WARN_UNREACHABLE_CODE = YES;
				CLANG_WARN__DUPLICATE_METHOD_MATCH = YES;
				"CODE_SIGN_IDENTITY[sdk=iphoneos*]" = "iPhone Developer";
				COPY_PHASE_STRIP = NO;
				DEBUG_INFORMATION_FORMAT = "dwarf-with-dsym";
				ENABLE_STRICT_OBJC_MSGSEND = YES;
				ENABLE_TESTABILITY = YES;
				GCC_C_LANGUAGE_STANDARD = gnu99;
				GCC_DYNAMIC_NO_PIC = NO;
				GCC_NO_COMMON_BLOCKS = YES;
				GCC_OPTIMIZATION_LEVEL = 0;
				GCC_PREPROCESSOR_DEFINITIONS = (
					"DEBUG=1",
					"$(inherited)",
				);
				GCC_SYMBOLS_PRIVATE_EXTERN = NO;
				GCC_WARN_64_TO_32_BIT_CONVERSION = YES;
				GCC_WARN_ABOUT_RETURN_TYPE = YES_ERROR;
				GCC_WARN_UNDECLARED_SELECTOR = YES;
				GCC_WARN_UNINITIALIZED_AUTOS = YES_AGGRESSIVE;
				GCC_WARN_UNUSED_FUNCTION = YES;
				GCC_WARN_UNUSED_VARIABLE = YES;
				IPHONEOS_DEPLOYMENT_TARGET = 8.3;
				MTL_ENABLE_DEBUG_INFO = YES;
				ONLY_ACTIVE_ARCH = YES;
				SDKROOT = iphoneos;
				SWIFT_OPTIMIZATION_LEVEL = "-Onone";
				TARGETED_DEVICE_FAMILY = "1,2";
			};
			name = Debug;
		};
		829F24901B0021EB00BDF443 /* Release */ = {
			isa = XCBuildConfiguration;
			buildSettings = {
				ALWAYS_SEARCH_USER_PATHS = NO;
				CLANG_CXX_LANGUAGE_STANDARD = "gnu++0x";
				CLANG_CXX_LIBRARY = "libc++";
				CLANG_ENABLE_MODULES = YES;
				CLANG_ENABLE_OBJC_ARC = YES;
				CLANG_WARN_BLOCK_CAPTURE_AUTORELEASING = YES;
				CLANG_WARN_BOOL_CONVERSION = YES;
				CLANG_WARN_COMMA = YES;
				CLANG_WARN_CONSTANT_CONVERSION = YES;
				CLANG_WARN_DIRECT_OBJC_ISA_USAGE = YES_ERROR;
				CLANG_WARN_EMPTY_BODY = YES;
				CLANG_WARN_ENUM_CONVERSION = YES;
				CLANG_WARN_INFINITE_RECURSION = YES;
				CLANG_WARN_INT_CONVERSION = YES;
				CLANG_WARN_NON_LITERAL_NULL_CONVERSION = YES;
				CLANG_WARN_OBJC_LITERAL_CONVERSION = YES;
				CLANG_WARN_OBJC_ROOT_CLASS = YES_ERROR;
				CLANG_WARN_RANGE_LOOP_ANALYSIS = YES;
				CLANG_WARN_STRICT_PROTOTYPES = YES;
				CLANG_WARN_SUSPICIOUS_MOVE = YES;
				CLANG_WARN_UNREACHABLE_CODE = YES;
				CLANG_WARN__DUPLICATE_METHOD_MATCH = YES;
				"CODE_SIGN_IDENTITY[sdk=iphoneos*]" = "iPhone Developer";
				COPY_PHASE_STRIP = NO;
				DEBUG_INFORMATION_FORMAT = "dwarf-with-dsym";
				ENABLE_NS_ASSERTIONS = NO;
				ENABLE_STRICT_OBJC_MSGSEND = YES;
				GCC_C_LANGUAGE_STANDARD = gnu99;
				GCC_NO_COMMON_BLOCKS = YES;
				GCC_WARN_64_TO_32_BIT_CONVERSION = YES;
				GCC_WARN_ABOUT_RETURN_TYPE = YES_ERROR;
				GCC_WARN_UNDECLARED_SELECTOR = YES;
				GCC_WARN_UNINITIALIZED_AUTOS = YES_AGGRESSIVE;
				GCC_WARN_UNUSED_FUNCTION = YES;
				GCC_WARN_UNUSED_VARIABLE = YES;
				IPHONEOS_DEPLOYMENT_TARGET = 8.3;
				MTL_ENABLE_DEBUG_INFO = NO;
				SDKROOT = iphoneos;
				SWIFT_OPTIMIZATION_LEVEL = "-Owholemodule";
				TARGETED_DEVICE_FAMILY = "1,2";
				VALIDATE_PRODUCT = YES;
			};
			name = Release;
		};
		829F24921B0021EB00BDF443 /* Debug */ = {
			isa = XCBuildConfiguration;
			baseConfigurationReference = A15E55CEF4005197D304EF55 /* Pods-VRTCL.debug.xcconfig */;
			buildSettings = {
				ASSETCATALOG_COMPILER_APPICON_NAME = AppIcon;
				CODE_SIGN_IDENTITY = "iPhone Developer";
				"CODE_SIGN_IDENTITY[sdk=iphoneos*]" = "iPhone Developer";
				DEVELOPMENT_TEAM = 8VR4U35UB5;
				INFOPLIST_FILE = VRTCL/Info.plist;
				IPHONEOS_DEPLOYMENT_TARGET = 11.0;
				LD_RUNPATH_SEARCH_PATHS = "$(inherited) @executable_path/Frameworks";
				PRODUCT_BUNDLE_IDENTIFIER = com.lindemann.VRTCL;
				PRODUCT_NAME = "$(TARGET_NAME)";
				PROVISIONING_PROFILE = "";
				SWIFT_SWIFT3_OBJC_INFERENCE = Off;
				SWIFT_VERSION = 4.0;
			};
			name = Debug;
		};
		829F24931B0021EB00BDF443 /* Release */ = {
			isa = XCBuildConfiguration;
			baseConfigurationReference = 3C68448ED67250B46169AAB0 /* Pods-VRTCL.release.xcconfig */;
			buildSettings = {
				ASSETCATALOG_COMPILER_APPICON_NAME = AppIcon;
				CODE_SIGN_IDENTITY = "iPhone Developer";
				"CODE_SIGN_IDENTITY[sdk=iphoneos*]" = "iPhone Developer";
				DEVELOPMENT_TEAM = 8VR4U35UB5;
				INFOPLIST_FILE = VRTCL/Info.plist;
				IPHONEOS_DEPLOYMENT_TARGET = 11.0;
				LD_RUNPATH_SEARCH_PATHS = "$(inherited) @executable_path/Frameworks";
				PRODUCT_BUNDLE_IDENTIFIER = com.lindemann.VRTCL;
				PRODUCT_NAME = "$(TARGET_NAME)";
				PROVISIONING_PROFILE = "";
				SWIFT_SWIFT3_OBJC_INFERENCE = Off;
				SWIFT_VERSION = 4.0;
			};
			name = Release;
		};
/* End XCBuildConfiguration section */

/* Begin XCConfigurationList section */
		829F246B1B0021EB00BDF443 /* Build configuration list for PBXProject "VRTCL" */ = {
			isa = XCConfigurationList;
			buildConfigurations = (
				829F248F1B0021EB00BDF443 /* Debug */,
				829F24901B0021EB00BDF443 /* Release */,
			);
			defaultConfigurationIsVisible = 0;
			defaultConfigurationName = Release;
		};
		829F24911B0021EB00BDF443 /* Build configuration list for PBXNativeTarget "VRTCL" */ = {
			isa = XCConfigurationList;
			buildConfigurations = (
				829F24921B0021EB00BDF443 /* Debug */,
				829F24931B0021EB00BDF443 /* Release */,
			);
			defaultConfigurationIsVisible = 0;
			defaultConfigurationName = Release;
		};
/* End XCConfigurationList section */
	};
	rootObject = 829F24681B0021EB00BDF443 /* Project object */;
}
